{
    "version": 3,
    "terraform_version": "0.7.5",
    "serial": 1,
    "lineage": "88c567f3-1a67-4d2e-98fa-cf5d19974cd8",
    "modules": [
        {
            "path": [
                "root"
            ],
            "outputs": {},
            "resources": {
                "aws_sqs_queue.terraform_queue": {
                    "type": "aws_sqs_queue",
                    "depends_on": [
                        "aws_sqs_queue.terraform_queue_deadletter"
                    ],
                    "primary": {
                        "id": "https://sqs.ap-southeast-2.amazonaws.com/478156153062/terraform-example-queue",
                        "attributes": {
                            "arn": "arn:aws:sqs:ap-southeast-2:478156153062:terraform-example-queue",
                            "delay_seconds": "90",
                            "id": "https://sqs.ap-southeast-2.amazonaws.com/478156153062/terraform-example-queue",
                            "max_message_size": "2048",
                            "message_retention_seconds": "86400",
                            "name": "terraform-example-queue",
                            "receive_wait_time_seconds": "10",
                            "redrive_policy": "{\"deadLetterTargetArn\":\"arn:aws:sqs:ap-southeast-2:478156153062:terraform-example-queue-deadletter\",\"maxReceiveCount\":4}",
                            "visibility_timeout_seconds": "30"
                        },
                        "meta": {},
                        "tainted": false
                    },
                    "deposed": [],
                    "provider": ""
                },
                "aws_sqs_queue.terraform_queue_deadletter": {
                    "type": "aws_sqs_queue",
                    "depends_on": [],
                    "primary": {
                        "id": "https://sqs.ap-southeast-2.amazonaws.com/478156153062/terraform-example-queue-deadletter",
                        "attributes": {
                            "arn": "arn:aws:sqs:ap-southeast-2:478156153062:terraform-example-queue-deadletter",
                            "delay_seconds": "90",
                            "id": "https://sqs.ap-southeast-2.amazonaws.com/478156153062/terraform-example-queue-deadletter",
                            "max_message_size": "2048",
                            "message_retention_seconds": "86400",
                            "name": "terraform-example-queue-deadletter",
                            "receive_wait_time_seconds": "10",
                            "visibility_timeout_seconds": "30"
                        },
                        "meta": {},
                        "tainted": false
                    },
                    "deposed": [],
                    "provider": ""
                }
            },
            "depends_on": []
        }
    ]
}
